// !$*UTF8*$!
{
	archiveVersion = 1;
	classes = {
	};
	objectVersion = 50;
	objects = {

/* Begin PBXBuildFile section */
		13051D13209FBDB200FF2460 /* AppDelegate.swift in Sources */ = {isa = PBXBuildFile; fileRef = 13051D12209FBDB200FF2460 /* AppDelegate.swift */; };
		13051D15209FBDB200FF2460 /* ExerciceViewController.swift in Sources */ = {isa = PBXBuildFile; fileRef = 13051D14209FBDB200FF2460 /* ExerciceViewController.swift */; };
		13051D18209FBDB200FF2460 /* Main.storyboard in Resources */ = {isa = PBXBuildFile; fileRef = 13051D16209FBDB200FF2460 /* Main.storyboard */; };
		13051D1A209FBDB400FF2460 /* Assets.xcassets in Resources */ = {isa = PBXBuildFile; fileRef = 13051D19209FBDB400FF2460 /* Assets.xcassets */; };
		13051D1D209FBDB400FF2460 /* LaunchScreen.storyboard in Resources */ = {isa = PBXBuildFile; fileRef = 13051D1B209FBDB400FF2460 /* LaunchScreen.storyboard */; };
		13051D28209FBDB400FF2460 /* itNessTests.swift in Sources */ = {isa = PBXBuildFile; fileRef = 13051D27209FBDB400FF2460 /* itNessTests.swift */; };
		13051D33209FBDB400FF2460 /* itNessUITests.swift in Sources */ = {isa = PBXBuildFile; fileRef = 13051D32209FBDB400FF2460 /* itNessUITests.swift */; };
		13051D8120A6567600FF2460 /* Exercice.swift in Sources */ = {isa = PBXBuildFile; fileRef = 13051D8020A6567600FF2460 /* Exercice.swift */; };
		13051D8720A65A5300FF2460 /* Muscles.swift in Sources */ = {isa = PBXBuildFile; fileRef = 13051D8620A65A5300FF2460 /* Muscles.swift */; };
		13051D8920A666E800FF2460 /* TrainingProgram.swift in Sources */ = {isa = PBXBuildFile; fileRef = 13051D8820A666E800FF2460 /* TrainingProgram.swift */; };
		13051D8B20A6670100FF2460 /* ExerciceProgram.swift in Sources */ = {isa = PBXBuildFile; fileRef = 13051D8A20A6670100FF2460 /* ExerciceProgram.swift */; };
		13051D8D20A6684E00FF2460 /* ExercicesModel.swift in Sources */ = {isa = PBXBuildFile; fileRef = 13051D8C20A6684E00FF2460 /* ExercicesModel.swift */; };
		13051D9020A6776600FF2460 /* ExercicesModelController.swift in Sources */ = {isa = PBXBuildFile; fileRef = 13051D8F20A6776600FF2460 /* ExercicesModelController.swift */; };
		1384CB2B20A8FBD700D1ED71 /* UILabelNumericDouble.swift in Sources */ = {isa = PBXBuildFile; fileRef = 1384CB2A20A8FBD700D1ED71 /* UILabelNumericDouble.swift */; };
		1384CB2D20A8FFDE00D1ED71 /* UICustomErrors.swift in Sources */ = {isa = PBXBuildFile; fileRef = 1384CB2C20A8FFDE00D1ED71 /* UICustomErrors.swift */; };
		1384CB3020A90A0000D1ED71 /* DataUtils.swift in Sources */ = {isa = PBXBuildFile; fileRef = 1384CB2F20A90A0000D1ED71 /* DataUtils.swift */; };
		13B5DDD420A722BD00666D2C /* MuscleLedLabel.swift in Sources */ = {isa = PBXBuildFile; fileRef = 13B5DDD320A722BD00666D2C /* MuscleLedLabel.swift */; };
/* End PBXBuildFile section */

/* Begin PBXContainerItemProxy section */
		13051D24209FBDB400FF2460 /* PBXContainerItemProxy */ = {
			isa = PBXContainerItemProxy;
			containerPortal = 13051D07209FBDB200FF2460 /* Project object */;
			proxyType = 1;
			remoteGlobalIDString = 13051D0E209FBDB200FF2460;
			remoteInfo = itNess;
		};
		13051D2F209FBDB400FF2460 /* PBXContainerItemProxy */ = {
			isa = PBXContainerItemProxy;
			containerPortal = 13051D07209FBDB200FF2460 /* Project object */;
			proxyType = 1;
			remoteGlobalIDString = 13051D0E209FBDB200FF2460;
			remoteInfo = itNess;
		};
/* End PBXContainerItemProxy section */

/* Begin PBXFileReference section */
		13051D0F209FBDB200FF2460 /* itNess.app */ = {isa = PBXFileReference; explicitFileType = wrapper.application; includeInIndex = 0; path = itNess.app; sourceTree = BUILT_PRODUCTS_DIR; };
		13051D12209FBDB200FF2460 /* AppDelegate.swift */ = {isa = PBXFileReference; lastKnownFileType = sourcecode.swift; path = AppDelegate.swift; sourceTree = "<group>"; };
		13051D14209FBDB200FF2460 /* ExerciceViewController.swift */ = {isa = PBXFileReference; lastKnownFileType = sourcecode.swift; path = ExerciceViewController.swift; sourceTree = "<group>"; };
		13051D17209FBDB200FF2460 /* Base */ = {isa = PBXFileReference; lastKnownFileType = file.storyboard; name = Base; path = Base.lproj/Main.storyboard; sourceTree = "<group>"; };
		13051D19209FBDB400FF2460 /* Assets.xcassets */ = {isa = PBXFileReference; lastKnownFileType = folder.assetcatalog; path = Assets.xcassets; sourceTree = "<group>"; };
		13051D1C209FBDB400FF2460 /* Base */ = {isa = PBXFileReference; lastKnownFileType = file.storyboard; name = Base; path = Base.lproj/LaunchScreen.storyboard; sourceTree = "<group>"; };
		13051D1E209FBDB400FF2460 /* Info.plist */ = {isa = PBXFileReference; lastKnownFileType = text.plist.xml; path = Info.plist; sourceTree = "<group>"; };
		13051D23209FBDB400FF2460 /* itNessTests.xctest */ = {isa = PBXFileReference; explicitFileType = wrapper.cfbundle; includeInIndex = 0; path = itNessTests.xctest; sourceTree = BUILT_PRODUCTS_DIR; };
		13051D27209FBDB400FF2460 /* itNessTests.swift */ = {isa = PBXFileReference; lastKnownFileType = sourcecode.swift; path = itNessTests.swift; sourceTree = "<group>"; };
		13051D29209FBDB400FF2460 /* Info.plist */ = {isa = PBXFileReference; lastKnownFileType = text.plist.xml; path = Info.plist; sourceTree = "<group>"; };
		13051D2E209FBDB400FF2460 /* itNessUITests.xctest */ = {isa = PBXFileReference; explicitFileType = wrapper.cfbundle; includeInIndex = 0; path = itNessUITests.xctest; sourceTree = BUILT_PRODUCTS_DIR; };
		13051D32209FBDB400FF2460 /* itNessUITests.swift */ = {isa = PBXFileReference; lastKnownFileType = sourcecode.swift; path = itNessUITests.swift; sourceTree = "<group>"; };
		13051D34209FBDB400FF2460 /* Info.plist */ = {isa = PBXFileReference; lastKnownFileType = text.plist.xml; path = Info.plist; sourceTree = "<group>"; };
		13051D8020A6567600FF2460 /* Exercice.swift */ = {isa = PBXFileReference; lastKnownFileType = sourcecode.swift; path = Exercice.swift; sourceTree = "<group>"; };
		13051D8620A65A5300FF2460 /* Muscles.swift */ = {isa = PBXFileReference; lastKnownFileType = sourcecode.swift; path = Muscles.swift; sourceTree = "<group>"; };
		13051D8820A666E800FF2460 /* TrainingProgram.swift */ = {isa = PBXFileReference; lastKnownFileType = sourcecode.swift; path = TrainingProgram.swift; sourceTree = "<group>"; };
		13051D8A20A6670100FF2460 /* ExerciceProgram.swift */ = {isa = PBXFileReference; lastKnownFileType = sourcecode.swift; path = ExerciceProgram.swift; sourceTree = "<group>"; };
		13051D8C20A6684E00FF2460 /* ExercicesModel.swift */ = {isa = PBXFileReference; lastKnownFileType = sourcecode.swift; path = ExercicesModel.swift; sourceTree = "<group>"; };
		13051D8F20A6776600FF2460 /* ExercicesModelController.swift */ = {isa = PBXFileReference; lastKnownFileType = sourcecode.swift; path = ExercicesModelController.swift; sourceTree = "<group>"; };
		1384CB2A20A8FBD700D1ED71 /* UILabelNumericDouble.swift */ = {isa = PBXFileReference; lastKnownFileType = sourcecode.swift; path = UILabelNumericDouble.swift; sourceTree = "<group>"; };
		1384CB2C20A8FFDE00D1ED71 /* UICustomErrors.swift */ = {isa = PBXFileReference; lastKnownFileType = sourcecode.swift; path = UICustomErrors.swift; sourceTree = "<group>"; };
		1384CB2F20A90A0000D1ED71 /* DataUtils.swift */ = {isa = PBXFileReference; lastKnownFileType = sourcecode.swift; path = DataUtils.swift; sourceTree = "<group>"; };
		13B5DDD320A722BD00666D2C /* MuscleLedLabel.swift */ = {isa = PBXFileReference; lastKnownFileType = sourcecode.swift; path = MuscleLedLabel.swift; sourceTree = "<group>"; };
/* End PBXFileReference section */

/* Begin PBXFrameworksBuildPhase section */
		13051D0C209FBDB200FF2460 /* Frameworks */ = {
			isa = PBXFrameworksBuildPhase;
			buildActionMask = 2147483647;
			files = (
			);
			runOnlyForDeploymentPostprocessing = 0;
		};
		13051D20209FBDB400FF2460 /* Frameworks */ = {
			isa = PBXFrameworksBuildPhase;
			buildActionMask = 2147483647;
			files = (
			);
			runOnlyForDeploymentPostprocessing = 0;
		};
		13051D2B209FBDB400FF2460 /* Frameworks */ = {
			isa = PBXFrameworksBuildPhase;
			buildActionMask = 2147483647;
			files = (
			);
			runOnlyForDeploymentPostprocessing = 0;
		};
/* End PBXFrameworksBuildPhase section */

/* Begin PBXGroup section */
		13051D06209FBDB200FF2460 = {
			isa = PBXGroup;
			children = (
				1384CB2920A8FBA500D1ED71 /* framework */,
				13051D11209FBDB200FF2460 /* itNess */,
				13051D26209FBDB400FF2460 /* itNessTests */,
				13051D31209FBDB400FF2460 /* itNessUITests */,
				13051D10209FBDB200FF2460 /* Products */,
			);
			sourceTree = "<group>";
		};
		13051D10209FBDB200FF2460 /* Products */ = {
			isa = PBXGroup;
			children = (
				13051D0F209FBDB200FF2460 /* itNess.app */,
				13051D23209FBDB400FF2460 /* itNessTests.xctest */,
				13051D2E209FBDB400FF2460 /* itNessUITests.xctest */,
			);
			name = Products;
			sourceTree = "<group>";
		};
		13051D11209FBDB200FF2460 /* itNess */ = {
			isa = PBXGroup;
			children = (
				13B5DDD220A7229D00666D2C /* presentationLayer */,
				13051D8E20A6774C00FF2460 /* modelController */,
				13051D7F20A6561A00FF2460 /* model */,
				13051D12209FBDB200FF2460 /* AppDelegate.swift */,
				13051D16209FBDB200FF2460 /* Main.storyboard */,
				13051D19209FBDB400FF2460 /* Assets.xcassets */,
				13051D1B209FBDB400FF2460 /* LaunchScreen.storyboard */,
				13051D1E209FBDB400FF2460 /* Info.plist */,
			);
			path = itNess;
			sourceTree = "<group>";
		};
		13051D26209FBDB400FF2460 /* itNessTests */ = {
			isa = PBXGroup;
			children = (
				13051D27209FBDB400FF2460 /* itNessTests.swift */,
				13051D29209FBDB400FF2460 /* Info.plist */,
			);
			path = itNessTests;
			sourceTree = "<group>";
		};
		13051D31209FBDB400FF2460 /* itNessUITests */ = {
			isa = PBXGroup;
			children = (
				13051D32209FBDB400FF2460 /* itNessUITests.swift */,
				13051D34209FBDB400FF2460 /* Info.plist */,
			);
			path = itNessUITests;
			sourceTree = "<group>";
		};
		13051D7F20A6561A00FF2460 /* model */ = {
			isa = PBXGroup;
			children = (
				13051D8320A6598200FF2460 /* entities */,
				13051D8220A6597600FF2460 /* data */,
				13051D8C20A6684E00FF2460 /* ExercicesModel.swift */,
			);
			path = model;
			sourceTree = "<group>";
		};
		13051D8220A6597600FF2460 /* data */ = {
			isa = PBXGroup;
			children = (
				13051D8620A65A5300FF2460 /* Muscles.swift */,
			);
			path = data;
			sourceTree = "<group>";
		};
		13051D8320A6598200FF2460 /* entities */ = {
			isa = PBXGroup;
			children = (
				13051D8020A6567600FF2460 /* Exercice.swift */,
				13051D8820A666E800FF2460 /* TrainingProgram.swift */,
				13051D8A20A6670100FF2460 /* ExerciceProgram.swift */,
			);
			path = entities;
			sourceTree = "<group>";
		};
		13051D8E20A6774C00FF2460 /* modelController */ = {
			isa = PBXGroup;
			children = (
				13051D8F20A6776600FF2460 /* ExercicesModelController.swift */,
			);
			path = modelController;
			sourceTree = "<group>";
		};
		1384CB2920A8FBA500D1ED71 /* framework */ = {
			isa = PBXGroup;
			children = (
				1384CB2E20A909CA00D1ED71 /* utils */,
				1384CB2A20A8FBD700D1ED71 /* UILabelNumericDouble.swift */,
			);
			path = framework;
			sourceTree = "<group>";
		};
		1384CB2E20A909CA00D1ED71 /* utils */ = {
			isa = PBXGroup;
			children = (
				1384CB2C20A8FFDE00D1ED71 /* UICustomErrors.swift */,
				1384CB2F20A90A0000D1ED71 /* DataUtils.swift */,
			);
			path = utils;
			sourceTree = "<group>";
		};
		13B5DDD120A6ED1500666D2C /* viewController */ = {
			isa = PBXGroup;
			children = (
				13051D14209FBDB200FF2460 /* ExerciceViewController.swift */,
			);
			path = viewController;
			sourceTree = "<group>";
		};
		13B5DDD220A7229D00666D2C /* presentationLayer */ = {
			isa = PBXGroup;
			children = (
				13B5DDD120A6ED1500666D2C /* viewController */,
				13B5DDD520A752AA00666D2C /* util */,
			);
			name = presentationLayer;
			path = "New Group";
			sourceTree = "<group>";
		};
		13B5DDD520A752AA00666D2C /* util */ = {
			isa = PBXGroup;
			children = (
				13B5DDD320A722BD00666D2C /* MuscleLedLabel.swift */,
			);
			path = util;
			sourceTree = "<group>";
		};
/* End PBXGroup section */

/* Begin PBXNativeTarget section */
		13051D0E209FBDB200FF2460 /* itNess */ = {
			isa = PBXNativeTarget;
			buildConfigurationList = 13051D37209FBDB400FF2460 /* Build configuration list for PBXNativeTarget "itNess" */;
			buildPhases = (
				13051D0B209FBDB200FF2460 /* Sources */,
				13051D0C209FBDB200FF2460 /* Frameworks */,
				13051D0D209FBDB200FF2460 /* Resources */,
			);
			buildRules = (
			);
			dependencies = (
			);
			name = itNess;
			productName = itNess;
			productReference = 13051D0F209FBDB200FF2460 /* itNess.app */;
			productType = "com.apple.product-type.application";
		};
		13051D22209FBDB400FF2460 /* itNessTests */ = {
			isa = PBXNativeTarget;
			buildConfigurationList = 13051D3A209FBDB400FF2460 /* Build configuration list for PBXNativeTarget "itNessTests" */;
			buildPhases = (
				13051D1F209FBDB400FF2460 /* Sources */,
				13051D20209FBDB400FF2460 /* Frameworks */,
				13051D21209FBDB400FF2460 /* Resources */,
			);
			buildRules = (
			);
			dependencies = (
				13051D25209FBDB400FF2460 /* PBXTargetDependency */,
			);
			name = itNessTests;
			productName = itNessTests;
			productReference = 13051D23209FBDB400FF2460 /* itNessTests.xctest */;
			productType = "com.apple.product-type.bundle.unit-test";
		};
		13051D2D209FBDB400FF2460 /* itNessUITests */ = {
			isa = PBXNativeTarget;
			buildConfigurationList = 13051D3D209FBDB400FF2460 /* Build configuration list for PBXNativeTarget "itNessUITests" */;
			buildPhases = (
				13051D2A209FBDB400FF2460 /* Sources */,
				13051D2B209FBDB400FF2460 /* Frameworks */,
				13051D2C209FBDB400FF2460 /* Resources */,
			);
			buildRules = (
			);
			dependencies = (
				13051D30209FBDB400FF2460 /* PBXTargetDependency */,
			);
			name = itNessUITests;
			productName = itNessUITests;
			productReference = 13051D2E209FBDB400FF2460 /* itNessUITests.xctest */;
			productType = "com.apple.product-type.bundle.ui-testing";
		};
/* End PBXNativeTarget section */

/* Begin PBXProject section */
		13051D07209FBDB200FF2460 /* Project object */ = {
			isa = PBXProject;
			attributes = {
				LastSwiftUpdateCheck = 0930;
				LastUpgradeCheck = 0930;
				ORGANIZATIONNAME = "Yorrick BARNAY";
				TargetAttributes = {
					13051D0E209FBDB200FF2460 = {
						CreatedOnToolsVersion = 9.3;
					};
					13051D22209FBDB400FF2460 = {
						CreatedOnToolsVersion = 9.3;
						TestTargetID = 13051D0E209FBDB200FF2460;
					};
					13051D2D209FBDB400FF2460 = {
						CreatedOnToolsVersion = 9.3;
						TestTargetID = 13051D0E209FBDB200FF2460;
					};
				};
			};
			buildConfigurationList = 13051D0A209FBDB200FF2460 /* Build configuration list for PBXProject "itNess" */;
			compatibilityVersion = "Xcode 9.3";
			developmentRegion = en;
			hasScannedForEncodings = 0;
			knownRegions = (
				en,
				Base,
			);
			mainGroup = 13051D06209FBDB200FF2460;
			productRefGroup = 13051D10209FBDB200FF2460 /* Products */;
			projectDirPath = "";
			projectRoot = "";
			targets = (
				13051D0E209FBDB200FF2460 /* itNess */,
				13051D22209FBDB400FF2460 /* itNessTests */,
				13051D2D209FBDB400FF2460 /* itNessUITests */,
			);
		};
/* End PBXProject section */

/* Begin PBXResourcesBuildPhase section */
		13051D0D209FBDB200FF2460 /* Resources */ = {
			isa = PBXResourcesBuildPhase;
			buildActionMask = 2147483647;
			files = (
				13051D1D209FBDB400FF2460 /* LaunchScreen.storyboard in Resources */,
				13051D1A209FBDB400FF2460 /* Assets.xcassets in Resources */,
				13051D18209FBDB200FF2460 /* Main.storyboard in Resources */,
			);
			runOnlyForDeploymentPostprocessing = 0;
		};
		13051D21209FBDB400FF2460 /* Resources */ = {
			isa = PBXResourcesBuildPhase;
			buildActionMask = 2147483647;
			files = (
			);
			runOnlyForDeploymentPostprocessing = 0;
		};
		13051D2C209FBDB400FF2460 /* Resources */ = {
			isa = PBXResourcesBuildPhase;
			buildActionMask = 2147483647;
			files = (
			);
			runOnlyForDeploymentPostprocessing = 0;
		};
/* End PBXResourcesBuildPhase section */

/* Begin PBXSourcesBuildPhase section */
		13051D0B209FBDB200FF2460 /* Sources */ = {
			isa = PBXSourcesBuildPhase;
			buildActionMask = 2147483647;
			files = (
				13051D8B20A6670100FF2460 /* ExerciceProgram.swift in Sources */,
				1384CB3020A90A0000D1ED71 /* DataUtils.swift in Sources */,
				1384CB2D20A8FFDE00D1ED71 /* UICustomErrors.swift in Sources */,
				13051D9020A6776600FF2460 /* ExercicesModelController.swift in Sources */,
				13051D8720A65A5300FF2460 /* Muscles.swift in Sources */,
				13051D8120A6567600FF2460 /* Exercice.swift in Sources */,
				13051D8920A666E800FF2460 /* TrainingProgram.swift in Sources */,
				13051D8D20A6684E00FF2460 /* ExercicesModel.swift in Sources */,
				13B5DDD420A722BD00666D2C /* MuscleLedLabel.swift in Sources */,
				13051D15209FBDB200FF2460 /* ExerciceViewController.swift in Sources */,
				1384CB2B20A8FBD700D1ED71 /* UILabelNumericDouble.swift in Sources */,
				13051D13209FBDB200FF2460 /* AppDelegate.swift in Sources */,
			);
			runOnlyForDeploymentPostprocessing = 0;
		};
		13051D1F209FBDB400FF2460 /* Sources */ = {
			isa = PBXSourcesBuildPhase;
			buildActionMask = 2147483647;
			files = (
				13051D28209FBDB400FF2460 /* itNessTests.swift in Sources */,
			);
			runOnlyForDeploymentPostprocessing = 0;
		};
		13051D2A209FBDB400FF2460 /* Sources */ = {
			isa = PBXSourcesBuildPhase;
			buildActionMask = 2147483647;
			files = (
				13051D33209FBDB400FF2460 /* itNessUITests.swift in Sources */,
			);
			runOnlyForDeploymentPostprocessing = 0;
		};
/* End PBXSourcesBuildPhase section */

/* Begin PBXTargetDependency section */
		13051D25209FBDB400FF2460 /* PBXTargetDependency */ = {
			isa = PBXTargetDependency;
			target = 13051D0E209FBDB200FF2460 /* itNess */;
			targetProxy = 13051D24209FBDB400FF2460 /* PBXContainerItemProxy */;
		};
		13051D30209FBDB400FF2460 /* PBXTargetDependency */ = {
			isa = PBXTargetDependency;
			target = 13051D0E209FBDB200FF2460 /* itNess */;
			targetProxy = 13051D2F209FBDB400FF2460 /* PBXContainerItemProxy */;
		};
/* End PBXTargetDependency section */

/* Begin PBXVariantGroup section */
		13051D16209FBDB200FF2460 /* Main.storyboard */ = {
			isa = PBXVariantGroup;
			children = (
				13051D17209FBDB200FF2460 /* Base */,
			);
			name = Main.storyboard;
			sourceTree = "<group>";
		};
		13051D1B209FBDB400FF2460 /* LaunchScreen.storyboard */ = {
			isa = PBXVariantGroup;
			children = (
				13051D1C209FBDB400FF2460 /* Base */,
			);
			name = LaunchScreen.storyboard;
			sourceTree = "<group>";
		};
/* End PBXVariantGroup section */

/* Begin XCBuildConfiguration section */
		13051D35209FBDB400FF2460 /* Debug */ = {
			isa = XCBuildConfiguration;
			buildSettings = {
				ALWAYS_SEARCH_USER_PATHS = NO;
				CLANG_ANALYZER_NONNULL = YES;
				CLANG_ANALYZER_NUMBER_OBJECT_CONVERSION = YES_AGGRESSIVE;
				CLANG_CXX_LANGUAGE_STANDARD = "gnu++14";
				CLANG_CXX_LIBRARY = "libc++";
				CLANG_ENABLE_MODULES = YES;
				CLANG_ENABLE_OBJC_ARC = YES;
				CLANG_ENABLE_OBJC_WEAK = YES;
				CLANG_WARN_BLOCK_CAPTURE_AUTORELEASING = YES;
				CLANG_WARN_BOOL_CONVERSION = YES;
				CLANG_WARN_COMMA = YES;
				CLANG_WARN_CONSTANT_CONVERSION = YES;
				CLANG_WARN_DEPRECATED_OBJC_IMPLEMENTATIONS = YES;
				CLANG_WARN_DIRECT_OBJC_ISA_USAGE = YES_ERROR;
				CLANG_WARN_DOCUMENTATION_COMMENTS = YES;
				CLANG_WARN_EMPTY_BODY = YES;
				CLANG_WARN_ENUM_CONVERSION = YES;
				CLANG_WARN_INFINITE_RECURSION = YES;
				CLANG_WARN_INT_CONVERSION = YES;
				CLANG_WARN_NON_LITERAL_NULL_CONVERSION = YES;
				CLANG_WARN_OBJC_IMPLICIT_RETAIN_SELF = YES;
				CLANG_WARN_OBJC_LITERAL_CONVERSION = YES;
				CLANG_WARN_OBJC_ROOT_CLASS = YES_ERROR;
				CLANG_WARN_RANGE_LOOP_ANALYSIS = YES;
				CLANG_WARN_STRICT_PROTOTYPES = YES;
				CLANG_WARN_SUSPICIOUS_MOVE = YES;
				CLANG_WARN_UNGUARDED_AVAILABILITY = YES_AGGRESSIVE;
				CLANG_WARN_UNREACHABLE_CODE = YES;
				CLANG_WARN__DUPLICATE_METHOD_MATCH = YES;
				CODE_SIGN_IDENTITY = "iPhone Developer";
				COPY_PHASE_STRIP = NO;
				DEBUG_INFORMATION_FORMAT = dwarf;
				ENABLE_STRICT_OBJC_MSGSEND = YES;
				ENABLE_TESTABILITY = YES;
				GCC_C_LANGUAGE_STANDARD = gnu11;
				GCC_DYNAMIC_NO_PIC = NO;
				GCC_NO_COMMON_BLOCKS = YES;
				GCC_OPTIMIZATION_LEVEL = 0;
				GCC_PREPROCESSOR_DEFINITIONS = (
					"DEBUG=1",
					"$(inherited)",
				);
				GCC_WARN_64_TO_32_BIT_CONVERSION = YES;
				GCC_WARN_ABOUT_RETURN_TYPE = YES_ERROR;
				GCC_WARN_UNDECLARED_SELECTOR = YES;
				GCC_WARN_UNINITIALIZED_AUTOS = YES_AGGRESSIVE;
				GCC_WARN_UNUSED_FUNCTION = YES;
				GCC_WARN_UNUSED_VARIABLE = YES;
				IPHONEOS_DEPLOYMENT_TARGET = 11.3;
				MTL_ENABLE_DEBUG_INFO = YES;
				ONLY_ACTIVE_ARCH = YES;
				SDKROOT = iphoneos;
				SWIFT_ACTIVE_COMPILATION_CONDITIONS = DEBUG;
				SWIFT_OPTIMIZATION_LEVEL = "-Onone";
			};
			name = Debug;
		};
		13051D36209FBDB400FF2460 /* Release */ = {
			isa = XCBuildConfiguration;
			buildSettings = {
				ALWAYS_SEARCH_USER_PATHS = NO;
				CLANG_ANALYZER_NONNULL = YES;
				CLANG_ANALYZER_NUMBER_OBJECT_CONVERSION = YES_AGGRESSIVE;
				CLANG_CXX_LANGUAGE_STANDARD = "gnu++14";
				CLANG_CXX_LIBRARY = "libc++";
				CLANG_ENABLE_MODULES = YES;
				CLANG_ENABLE_OBJC_ARC = YES;
				CLANG_ENABLE_OBJC_WEAK = YES;
				CLANG_WARN_BLOCK_CAPTURE_AUTORELEASING = YES;
				CLANG_WARN_BOOL_CONVERSION = YES;
				CLANG_WARN_COMMA = YES;
				CLANG_WARN_CONSTANT_CONVERSION = YES;
				CLANG_WARN_DEPRECATED_OBJC_IMPLEMENTATIONS = YES;
				CLANG_WARN_DIRECT_OBJC_ISA_USAGE = YES_ERROR;
				CLANG_WARN_DOCUMENTATION_COMMENTS = YES;
				CLANG_WARN_EMPTY_BODY = YES;
				CLANG_WARN_ENUM_CONVERSION = YES;
				CLANG_WARN_INFINITE_RECURSION = YES;
				CLANG_WARN_INT_CONVERSION = YES;
				CLANG_WARN_NON_LITERAL_NULL_CONVERSION = YES;
				CLANG_WARN_OBJC_IMPLICIT_RETAIN_SELF = YES;
				CLANG_WARN_OBJC_LITERAL_CONVERSION = YES;
				CLANG_WARN_OBJC_ROOT_CLASS = YES_ERROR;
				CLANG_WARN_RANGE_LOOP_ANALYSIS = YES;
				CLANG_WARN_STRICT_PROTOTYPES = YES;
				CLANG_WARN_SUSPICIOUS_MOVE = YES;
				CLANG_WARN_UNGUARDED_AVAILABILITY = YES_AGGRESSIVE;
				CLANG_WARN_UNREACHABLE_CODE = YES;
				CLANG_WARN__DUPLICATE_METHOD_MATCH = YES;
				CODE_SIGN_IDENTITY = "iPhone Developer";
				COPY_PHASE_STRIP = NO;
				DEBUG_INFORMATION_FORMAT = "dwarf-with-dsym";
				ENABLE_NS_ASSERTIONS = NO;
				ENABLE_STRICT_OBJC_MSGSEND = YES;
				GCC_C_LANGUAGE_STANDARD = gnu11;
				GCC_NO_COMMON_BLOCKS = YES;
				GCC_WARN_64_TO_32_BIT_CONVERSION = YES;
				GCC_WARN_ABOUT_RETURN_TYPE = YES_ERROR;
				GCC_WARN_UNDECLARED_SELECTOR = YES;
				GCC_WARN_UNINITIALIZED_AUTOS = YES_AGGRESSIVE;
				GCC_WARN_UNUSED_FUNCTION = YES;
				GCC_WARN_UNUSED_VARIABLE = YES;
				IPHONEOS_DEPLOYMENT_TARGET = 11.3;
				MTL_ENABLE_DEBUG_INFO = NO;
				SDKROOT = iphoneos;
				SWIFT_COMPILATION_MODE = wholemodule;
				SWIFT_OPTIMIZATION_LEVEL = "-O";
				VALIDATE_PRODUCT = YES;
			};
			name = Release;
		};
		13051D38209FBDB400FF2460 /* Debug */ = {
			isa = XCBuildConfiguration;
			buildSettings = {
				ASSETCATALOG_COMPILER_APPICON_NAME = AppIcon;
				CODE_SIGN_STYLE = Automatic;
				INFOPLIST_FILE = itNess/Info.plist;
				LD_RUNPATH_SEARCH_PATHS = (
					"$(inherited)",
					"@executable_path/Frameworks",
				);
				PRODUCT_BUNDLE_IDENTIFIER = elskou.itNess;
				PRODUCT_NAME = "$(TARGET_NAME)";
				SWIFT_VERSION = 4.0;
				TARGETED_DEVICE_FAMILY = "1,2";
			};
			name = Debug;
		};
		13051D39209FBDB400FF2460 /* Release */ = {
			isa = XCBuildConfiguration;
			buildSettings = {
				ASSETCATALOG_COMPILER_APPICON_NAME = AppIcon;
				CODE_SIGN_STYLE = Automatic;
				INFOPLIST_FILE = itNess/Info.plist;
				LD_RUNPATH_SEARCH_PATHS = (
					"$(inherited)",
					"@executable_path/Frameworks",
				);
				PRODUCT_BUNDLE_IDENTIFIER = elskou.itNess;
				PRODUCT_NAME = "$(TARGET_NAME)";
				SWIFT_VERSION = 4.0;
				TARGETED_DEVICE_FAMILY = "1,2";
			};
			name = Release;
		};
		13051D3B209FBDB400FF2460 /* Debug */ = {
			isa = XCBuildConfiguration;
			buildSettings = {
				ALWAYS_EMBED_SWIFT_STANDARD_LIBRARIES = YES;
				BUNDLE_LOADER = "$(TEST_HOST)";
				CODE_SIGN_STYLE = Automatic;
				INFOPLIST_FILE = itNessTests/Info.plist;
				LD_RUNPATH_SEARCH_PATHS = (
					"$(inherited)",
					"@executable_path/Frameworks",
					"@loader_path/Frameworks",
				);
				PRODUCT_BUNDLE_IDENTIFIER = elskou.itNessTests;
				PRODUCT_NAME = "$(TARGET_NAME)";
				SWIFT_VERSION = 4.0;
				TARGETED_DEVICE_FAMILY = "1,2";
				TEST_HOST = "$(BUILT_PRODUCTS_DIR)/itNess.app/itNess";
			};
			name = Debug;
		};
		13051D3C209FBDB400FF2460 /* Release */ = {
			isa = XCBuildConfiguration;
			buildSettings = {
				ALWAYS_EMBED_SWIFT_STANDARD_LIBRARIES = YES;
				BUNDLE_LOADER = "$(TEST_HOST)";
				CODE_SIGN_STYLE = Automatic;
				INFOPLIST_FILE = itNessTests/Info.plist;
				LD_RUNPATH_SEARCH_PATHS = (
					"$(inherited)",
					"@executable_path/Frameworks",
					"@loader_path/Frameworks",
				);
				PRODUCT_BUNDLE_IDENTIFIER = elskou.itNessTests;
				PRODUCT_NAME = "$(TARGET_NAME)";
				SWIFT_VERSION = 4.0;
				TARGETED_DEVICE_FAMILY = "1,2";
				TEST_HOST = "$(BUILT_PRODUCTS_DIR)/itNess.app/itNess";
			};
			name = Release;
		};
		13051D3E209FBDB400FF2460 /* Debug */ = {
			isa = XCBuildConfiguration;
			buildSettings = {
				ALWAYS_EMBED_SWIFT_STANDARD_LIBRARIES = YES;
				CODE_SIGN_STYLE = Automatic;
				INFOPLIST_FILE = itNessUITests/Info.plist;
				LD_RUNPATH_SEARCH_PATHS = (
					"$(inherited)",
					"@executable_path/Frameworks",
					"@loader_path/Frameworks",
				);
				PRODUCT_BUNDLE_IDENTIFIER = elskou.itNessUITests;
				PRODUCT_NAME = "$(TARGET_NAME)";
				SWIFT_VERSION = 4.0;
				TARGETED_DEVICE_FAMILY = "1,2";
				TEST_TARGET_NAME = itNess;
			};
			name = Debug;
		};
		13051D3F209FBDB400FF2460 /* Release */ = {
			isa = XCBuildConfiguration;
			buildSettings = {
				ALWAYS_EMBED_SWIFT_STANDARD_LIBRARIES = YES;
				CODE_SIGN_STYLE = Automatic;
				INFOPLIST_FILE = itNessUITests/Info.plist;
				LD_RUNPATH_SEARCH_PATHS = (
					"$(inherited)",
					"@executable_path/Frameworks",
					"@loader_path/Frameworks",
				);
				PRODUCT_BUNDLE_IDENTIFIER = elskou.itNessUITests;
				PRODUCT_NAME = "$(TARGET_NAME)";
				SWIFT_VERSION = 4.0;
				TARGETED_DEVICE_FAMILY = "1,2";
				TEST_TARGET_NAME = itNess;
			};
			name = Release;
		};
/* End XCBuildConfiguration section */

/* Begin XCConfigurationList section */
		13051D0A209FBDB200FF2460 /* Build configuration list for PBXProject "itNess" */ = {
			isa = XCConfigurationList;
			buildConfigurations = (
				13051D35209FBDB400FF2460 /* Debug */,
				13051D36209FBDB400FF2460 /* Release */,
			);
			defaultConfigurationIsVisible = 0;
			defaultConfigurationName = Release;
		};
		13051D37209FBDB400FF2460 /* Build configuration list for PBXNativeTarget "itNess" */ = {
			isa = XCConfigurationList;
			buildConfigurations = (
				13051D38209FBDB400FF2460 /* Debug */,
				13051D39209FBDB400FF2460 /* Release */,
			);
			defaultConfigurationIsVisible = 0;
			defaultConfigurationName = Release;
		};
		13051D3A209FBDB400FF2460 /* Build configuration list for PBXNativeTarget "itNessTests" */ = {
			isa = XCConfigurationList;
			buildConfigurations = (
				13051D3B209FBDB400FF2460 /* Debug */,
				13051D3C209FBDB400FF2460 /* Release */,
			);
			defaultConfigurationIsVisible = 0;
			defaultConfigurationName = Release;
		};
		13051D3D209FBDB400FF2460 /* Build configuration list for PBXNativeTarget "itNessUITests" */ = {
			isa = XCConfigurationList;
			buildConfigurations = (
				13051D3E209FBDB400FF2460 /* Debug */,
				13051D3F209FBDB400FF2460 /* Release */,
			);
			defaultConfigurationIsVisible = 0;
			defaultConfigurationName = Release;
		};
/* End XCConfigurationList section */
	};
	rootObject = 13051D07209FBDB200FF2460 /* Project object */;
}
